
Microsoft Visual Studio Solution File, Format Version 12.00
# Visual Studio Version 17
VisualStudioVersion = 17.1.32421.90
MinimumVisualStudioVersion = 10.0.40219.1
Project("{FAE04EC0-301F-11D3-BF4B-00C04F79EFBC}") = "ProxyCORS", "ProxyCORS.csproj", "{D7705F48-700C-45B9-B09F-2CD778F70892}"
EndProject
Global
	GlobalSection(SolutionConfigurationPlatforms) = preSolution
		Debug|Any CPU = Debug|Any CPU
		Release|Any CPU = Release|Any CPU
	EndGlobalSection
	GlobalSection(ProjectConfigurationPlatforms) = postSolution
		{D7705F48-700C-45B9-B09F-2CD778F70892}.Debug|Any CPU.ActiveCfg = Debug|Any CPU
		{D7705F48-700C-45B9-B09F-2CD778F70892}.Debug|Any CPU.Build.0 = Debug|Any CPU
		{D7705F48-700C-45B9-B09F-2CD778F70892}.Release|Any CPU.ActiveCfg = Release|Any CPU
		{D7705F48-700C-45B9-B09F-2CD778F70892}.Release|Any CPU.Build.0 = Release|Any CPU
	EndGlobalSection
	GlobalSection(SolutionProperties) = preSolution
		HideSolutionNode = FALSE
	EndGlobalSection
	GlobalSection(ExtensibilityGlobals) = postSolution
		SolutionGuid = {9D8DC294-D3DF-4AC9-81ED-81D430559C19}
	EndGlobalSection
EndGlobal
